
Microsoft Visual Studio Solution File, Format Version 12.00
# Visual Studio Version 17
VisualStudioVersion = 17.10.34916.146
MinimumVisualStudioVersion = 10.0.40219.1
Project("{9A19103F-16F7-4668-BE54-9A1E7A4F7556}") = "PresentationLayer", "PresentationLayer\PresentationLayer.csproj", "{46AF802F-30A3-4CB0-B9F6-ECC102D05EE9}"
EndProject
Project("{9A19103F-16F7-4668-BE54-9A1E7A4F7556}") = "DomainLayer", "DomainLayer\DomainLayer.csproj", "{7CD48FCF-61E1-40FB-96B3-8C6ACBD20718}"
EndProject
Project("{9A19103F-16F7-4668-BE54-9A1E7A4F7556}") = "BusinessLayer", "BusinessLayer\BusinessLayer.csproj", "{63FB5DA0-FB4F-47D0-927E-160102BEC4E6}"
EndProject
Global
	GlobalSection(SolutionConfigurationPlatforms) = preSolution
		Debug|Any CPU = Debug|Any CPU
		Release|Any CPU = Release|Any CPU
	EndGlobalSection
	GlobalSection(ProjectConfigurationPlatforms) = postSolution
		{46AF802F-30A3-4CB0-B9F6-ECC102D05EE9}.Debug|Any CPU.ActiveCfg = Debug|Any CPU
		{46AF802F-30A3-4CB0-B9F6-ECC102D05EE9}.Debug|Any CPU.Build.0 = Debug|Any CPU
		{46AF802F-30A3-4CB0-B9F6-ECC102D05EE9}.Release|Any CPU.ActiveCfg = Release|Any CPU
		{46AF802F-30A3-4CB0-B9F6-ECC102D05EE9}.Release|Any CPU.Build.0 = Release|Any CPU
		{7CD48FCF-61E1-40FB-96B3-8C6ACBD20718}.Debug|Any CPU.ActiveCfg = Debug|Any CPU
		{7CD48FCF-61E1-40FB-96B3-8C6ACBD20718}.Debug|Any CPU.Build.0 = Debug|Any CPU
		{7CD48FCF-61E1-40FB-96B3-8C6ACBD20718}.Release|Any CPU.ActiveCfg = Release|Any CPU
		{7CD48FCF-61E1-40FB-96B3-8C6ACBD20718}.Release|Any CPU.Build.0 = Release|Any CPU
		{63FB5DA0-FB4F-47D0-927E-160102BEC4E6}.Debug|Any CPU.ActiveCfg = Debug|Any CPU
		{63FB5DA0-FB4F-47D0-927E-160102BEC4E6}.Debug|Any CPU.Build.0 = Debug|Any CPU
		{63FB5DA0-FB4F-47D0-927E-160102BEC4E6}.Release|Any CPU.ActiveCfg = Release|Any CPU
		{63FB5DA0-FB4F-47D0-927E-160102BEC4E6}.Release|Any CPU.Build.0 = Release|Any CPU
	EndGlobalSection
	GlobalSection(SolutionProperties) = preSolution
		HideSolutionNode = FALSE
	EndGlobalSection
	GlobalSection(ExtensibilityGlobals) = postSolution
		SolutionGuid = {B8176AD7-D38A-4CDD-9D6A-757F8FB639C2}
	EndGlobalSection
EndGlobal
